
Microsoft Visual Studio Solution File, Format Version 12.00
# Visual Studio 15
Project("{FAE04EC0-301F-11D3-BF4B-00C04F79EFBC}") = "AceBook_CS_NotSoSharp", "AceBook_CS_NotSoSharp.csproj", "{2F6D8F66-432E-45A3-BB78-8BE5BBB68720}"
EndProject
Global
	GlobalSection(SolutionConfigurationPlatforms) = preSolution
		Debug|Any CPU = Debug|Any CPU
		Release|Any CPU = Release|Any CPU
	EndGlobalSection
	GlobalSection(ProjectConfigurationPlatforms) = postSolution
		{2F6D8F66-432E-45A3-BB78-8BE5BBB68720}.Debug|Any CPU.ActiveCfg = Debug|Any CPU
		{2F6D8F66-432E-45A3-BB78-8BE5BBB68720}.Debug|Any CPU.Build.0 = Debug|Any CPU
		{2F6D8F66-432E-45A3-BB78-8BE5BBB68720}.Release|Any CPU.ActiveCfg = Release|Any CPU
		{2F6D8F66-432E-45A3-BB78-8BE5BBB68720}.Release|Any CPU.Build.0 = Release|Any CPU
	EndGlobalSection
EndGlobal
